
Microsoft Visual Studio Solution File, Format Version 12.00
# Visual Studio Version 17
VisualStudioVersion = 17.7.34202.233
MinimumVisualStudioVersion = 10.0.40219.1
Project("{FAE04EC0-301F-11D3-BF4B-00C04F79EFBC}") = "001-Xadrez-Console", "001-Xadrez-Console\001-Xadrez-Console.csproj", "{554EEB4B-A377-4CB4-A021-360B6A38AC99}"
EndProject
Global
	GlobalSection(SolutionConfigurationPlatforms) = preSolution
		Debug|Any CPU = Debug|Any CPU
		Release|Any CPU = Release|Any CPU
	EndGlobalSection
	GlobalSection(ProjectConfigurationPlatforms) = postSolution
		{554EEB4B-A377-4CB4-A021-360B6A38AC99}.Debug|Any CPU.ActiveCfg = Debug|Any CPU
		{554EEB4B-A377-4CB4-A021-360B6A38AC99}.Debug|Any CPU.Build.0 = Debug|Any CPU
		{554EEB4B-A377-4CB4-A021-360B6A38AC99}.Release|Any CPU.ActiveCfg = Release|Any CPU
		{554EEB4B-A377-4CB4-A021-360B6A38AC99}.Release|Any CPU.Build.0 = Release|Any CPU
	EndGlobalSection
	GlobalSection(SolutionProperties) = preSolution
		HideSolutionNode = FALSE
	EndGlobalSection
	GlobalSection(ExtensibilityGlobals) = postSolution
		SolutionGuid = {DFD1F418-646A-470B-B079-D15BDD2A010E}
	EndGlobalSection
EndGlobal
