
Microsoft Visual Studio Solution File, Format Version 12.00
# Visual Studio Version 17
VisualStudioVersion = 17.7.34202.233
MinimumVisualStudioVersion = 10.0.40219.1
Project("{9A19103F-16F7-4668-BE54-9A1E7A4F7556}") = "001-Xadrez-Console", "Xadrez-Console\001-Xadrez-Console.csproj", "{083C7F2B-75F3-4710-8DAE-8A98D1A9D3E3}"
EndProject
Global
	GlobalSection(SolutionConfigurationPlatforms) = preSolution
		Debug|Any CPU = Debug|Any CPU
		Release|Any CPU = Release|Any CPU
	EndGlobalSection
	GlobalSection(ProjectConfigurationPlatforms) = postSolution
		{083C7F2B-75F3-4710-8DAE-8A98D1A9D3E3}.Debug|Any CPU.ActiveCfg = Debug|Any CPU
		{083C7F2B-75F3-4710-8DAE-8A98D1A9D3E3}.Debug|Any CPU.Build.0 = Debug|Any CPU
		{083C7F2B-75F3-4710-8DAE-8A98D1A9D3E3}.Release|Any CPU.ActiveCfg = Release|Any CPU
		{083C7F2B-75F3-4710-8DAE-8A98D1A9D3E3}.Release|Any CPU.Build.0 = Release|Any CPU
	EndGlobalSection
	GlobalSection(SolutionProperties) = preSolution
		HideSolutionNode = FALSE
	EndGlobalSection
	GlobalSection(ExtensibilityGlobals) = postSolution
		SolutionGuid = {DFD1F418-646A-470B-B079-D15BDD2A010E}
	EndGlobalSection
EndGlobal
